
Microsoft Visual Studio Solution File, Format Version 12.00
# Visual Studio 15
VisualStudioVersion = 15.0.28010.2003
MinimumVisualStudioVersion = 10.0.40219.1
Project("{FAE04EC0-301F-11D3-BF4B-00C04F79EFBC}") = "apprentice-bootcamp-fundamentals-2", "apprentice-bootcamp-fundamentals-2\apprentice-bootcamp-fundamentals-2.csproj", "{3870F6E8-49BB-48D7-B09A-DE7AC5036EA9}"
EndProject
Project("{FAE04EC0-301F-11D3-BF4B-00C04F79EFBC}") = "UnitTests", "UnitTests\UnitTests.csproj", "{53B4FF5A-6066-441D-832F-B4E700871FBB}"
EndProject
Project("{2150E333-8FDC-42A3-9474-1A3956D46DE8}") = "McrDigital.Bootcamp1.Checkout", "McrDigital.Bootcamp1.Checkout", "{0213138D-AFBC-4B30-9D81-29374CA827BC}"
EndProject
Project("{FAE04EC0-301F-11D3-BF4B-00C04F79EFBC}") = "McrDigital.Bootcamp1.Checkout", "McrDigital.Bootcamp1.Checkout\McrDigital.Bootcamp1.Checkout.csproj", "{ECFF7B9A-84B1-42E5-9402-F99EAC8C5C2A}"
EndProject

Global
	GlobalSection(SolutionConfigurationPlatforms) = preSolution
		Debug|Any CPU = Debug|Any CPU
		Release|Any CPU = Release|Any CPU
	EndGlobalSection
	GlobalSection(ProjectConfigurationPlatforms) = postSolution
		{3870F6E8-49BB-48D7-B09A-DE7AC5036EA9}.Debug|Any CPU.ActiveCfg = Debug|Any CPU
		{3870F6E8-49BB-48D7-B09A-DE7AC5036EA9}.Debug|Any CPU.Build.0 = Debug|Any CPU
		{3870F6E8-49BB-48D7-B09A-DE7AC5036EA9}.Release|Any CPU.ActiveCfg = Release|Any CPU
		{3870F6E8-49BB-48D7-B09A-DE7AC5036EA9}.Release|Any CPU.Build.0 = Release|Any CPU
		{53B4FF5A-6066-441D-832F-B4E700871FBB}.Debug|Any CPU.ActiveCfg = Debug|Any CPU
		{53B4FF5A-6066-441D-832F-B4E700871FBB}.Debug|Any CPU.Build.0 = Debug|Any CPU
		{53B4FF5A-6066-441D-832F-B4E700871FBB}.Release|Any CPU.ActiveCfg = Release|Any CPU
		{53B4FF5A-6066-441D-832F-B4E700871FBB}.Release|Any CPU.Build.0 = Release|Any CPU
		{ECFF7B9A-84B1-42E5-9402-F99EAC8C5C2A}.Debug|Any CPU.ActiveCfg = Debug|Any CPU
		{ECFF7B9A-84B1-42E5-9402-F99EAC8C5C2A}.Debug|Any CPU.Build.0 = Debug|Any CPU
		{ECFF7B9A-84B1-42E5-9402-F99EAC8C5C2A}.Release|Any CPU.ActiveCfg = Release|Any CPU
		{ECFF7B9A-84B1-42E5-9402-F99EAC8C5C2A}.Release|Any CPU.Build.0 = Release|Any CPU
		{B1806E5F-D55F-4B69-9A0D-428ABC1B46FC}.Debug|Any CPU.ActiveCfg = Debug|Any CPU
		{B1806E5F-D55F-4B69-9A0D-428ABC1B46FC}.Debug|Any CPU.Build.0 = Debug|Any CPU
		{B1806E5F-D55F-4B69-9A0D-428ABC1B46FC}.Release|Any CPU.ActiveCfg = Release|Any CPU
		{B1806E5F-D55F-4B69-9A0D-428ABC1B46FC}.Release|Any CPU.Build.0 = Release|Any CPU
	EndGlobalSection
	GlobalSection(SolutionProperties) = preSolution
		HideSolutionNode = FALSE
	EndGlobalSection
	GlobalSection(ExtensibilityGlobals) = postSolution
		SolutionGuid = {5BDBD107-86E7-4B91-968A-F5256AEF4DCD}
	EndGlobalSection
	GlobalSection(NestedProjects) = preSolution
		{ECFF7B9A-84B1-42E5-9402-F99EAC8C5C2A} = {0213138D-AFBC-4B30-9D81-29374CA827BC}
		{B1806E5F-D55F-4B69-9A0D-428ABC1B46FC} = {33290174-0324-402D-B16F-0D16524651BC}
	EndGlobalSection
EndGlobal
